github.com/ryanzhou425/Ziren-Zhou-Week-9-Assignment-trimmed-mean-package v0.0.0-20250602004525-355112a3802e h1:99vWYcDt/qXKXm1GadChPXyb+B0kpdec6iUou7fh5kM=
github.com/ryanzhou425/Ziren-Zhou-Week-9-Assignment-trimmed-mean-package v0.0.0-20250602004525-355112a3802e/go.mod h1:7fj68ioDTnPX0YhjI6boYqpTTnr5JhY9G5QvM4kbepc=
